<?xml version="1.0" encoding="utf-8"?>
<Project ToolsVersion="4.0" xmlns="http://schemas.microsoft.com/developer/msbuild/2003">
  <ItemGroup>
    <Filter Include="Source Files">
      <UniqueIdentifier>{4FC737F1-C7A5-4376-A066-2A32D752A2FF}</UniqueIdentifier>
      <Extensions>cpp;c;cc;cxx;def;odl;idl;hpj;bat;asm;asmx</Extensions>
    </Filter>
    <Filter Include="Header Files">
      <UniqueIdentifier>{93995380-89BD-4b04-88EB-625FBE52EBFB}</UniqueIdentifier>
      <Extensions>h;hpp;hxx;hm;inl;inc;xsd</Extensions>
    </Filter>
    <Filter Include="Resource Files">
      <UniqueIdentifier>{67DA6AB6-F800-4c08-8B7A-83BB121AAD01}</UniqueIdentifier>
      <Extensions>rc;ico;cur;bmp;dlg;rc2;rct;bin;rgs;gif;jpg;jpeg;jpe;resx;tiff;tif;png;wav;mfcribbon-ms</Extensions>
    </Filter>
  </ItemGroup>
  <ItemGroup>
    <ClInclude Include="abelt.h">
      <Filter>Header Files</Filter>
    </ClInclude>
    <ClInclude Include="asteroid.h">
      <Filter>Header Files</Filter>
    </ClInclude>
    <ClInclude Include="battleproc.h">
      <Filter>Header Files</Filter>
    </ClInclude>
    <ClInclude Include="bentity.h">
      <Filter>Header Files</Filter>
    </ClInclude>
    <ClInclude Include="bparticipants.h">
      <Filter>Header Files</Filter>
    </ClInclude>
    <ClInclude Include="c_ai.h">
      <Filter>Header Files</Filter>
    </ClInclude>
    <ClInclude Include="damage.h">
      <Filter>Header Files</Filter>
    </ClInclude>
    <ClInclude Include="data_placeholder.h">
      <Filter>Header Files</Filter>
    </ClInclude>
    <ClInclude Include="database.h">
      <Filter>Header Files</Filter>
    </ClInclude>
    <ClInclude Include="datasystem.h">
      <Filter>Header Files</Filter>
    </ClInclude>
    <ClInclude Include="debug.h">
      <Filter>Header Files</Filter>
    </ClInclude>
    <ClInclude Include="defenses.h">
      <Filter>Header Files</Filter>
    </ClInclude>
    <ClInclude Include="entity.h">
      <Filter>Header Files</Filter>
    </ClInclude>
    <ClInclude Include="game.h">
      <Filter>Header Files</Filter>
    </ClInclude>
    <ClInclude Include="hand.h">
      <Filter>Header Files</Filter>
    </ClInclude>
    <ClInclude Include="hardPoint.h">
      <Filter>Header Files</Filter>
    </ClInclude>
    <ClInclude Include="map.h">
      <Filter>Header Files</Filter>
    </ClInclude>
    <ClInclude Include="mining.h">
      <Filter>Header Files</Filter>
    </ClInclude>
    <ClInclude Include="mission.h">
      <Filter>Header Files</Filter>
    </ClInclude>
    <ClInclude Include="msgproc.h">
      <Filter>Header Files</Filter>
    </ClInclude>
    <ClInclude Include="nameGen.h">
      <Filter>Header Files</Filter>
    </ClInclude>
    <ClInclude Include="planet.h">
      <Filter>Header Files</Filter>
    </ClInclude>
    <ClInclude Include="random.h">
      <Filter>Header Files</Filter>
    </ClInclude>
    <ClInclude Include="range.h">
      <Filter>Header Files</Filter>
    </ClInclude>
    <ClInclude Include="relation.h">
      <Filter>Header Files</Filter>
    </ClInclude>
    <ClInclude Include="ship.h">
      <Filter>Header Files</Filter>
    </ClInclude>
    <ClInclude Include="ship2.h">
      <Filter>Header Files</Filter>
    </ClInclude>
    <ClInclude Include="sinv.h">
      <Filter>Header Files</Filter>
    </ClInclude>
    <ClInclude Include="station.h">
      <Filter>Header Files</Filter>
    </ClInclude>
    <ClInclude Include="tDamage.h">
      <Filter>Header Files</Filter>
    </ClInclude>
    <ClInclude Include="trade.h">
      <Filter>Header Files</Filter>
    </ClInclude>
    <ClInclude Include="weapon.h">
      <Filter>Header Files</Filter>
    </ClInclude>
    <ClInclude Include="globalvars.h">
      <Filter>Header Files</Filter>
    </ClInclude>
  </ItemGroup>
  <ItemGroup>
    <ClCompile Include="abelt.cpp">
      <Filter>Source Files</Filter>
    </ClCompile>
    <ClCompile Include="asteroid.cpp">
      <Filter>Source Files</Filter>
    </ClCompile>
    <ClCompile Include="battleproc.cpp">
      <Filter>Source Files</Filter>
    </ClCompile>
    <ClCompile Include="bentity.cpp">
      <Filter>Source Files</Filter>
    </ClCompile>
    <ClCompile Include="bparticipants.cpp">
      <Filter>Source Files</Filter>
    </ClCompile>
    <ClCompile Include="c_ai.cpp">
      <Filter>Source Files</Filter>
    </ClCompile>
    <ClCompile Include="damage.cpp">
      <Filter>Source Files</Filter>
    </ClCompile>
    <ClCompile Include="database.cpp">
      <Filter>Source Files</Filter>
    </ClCompile>
    <ClCompile Include="datasystem.cpp">
      <Filter>Source Files</Filter>
    </ClCompile>
    <ClCompile Include="debug.cpp">
      <Filter>Source Files</Filter>
    </ClCompile>
    <ClCompile Include="defenses.cpp">
      <Filter>Source Files</Filter>
    </ClCompile>
    <ClCompile Include="entity.cpp">
      <Filter>Source Files</Filter>
    </ClCompile>
    <ClCompile Include="game.cpp">
      <Filter>Source Files</Filter>
    </ClCompile>
    <ClCompile Include="hardPoint.cpp">
      <Filter>Source Files</Filter>
    </ClCompile>
    <ClCompile Include="main.cpp">
      <Filter>Source Files</Filter>
    </ClCompile>
    <ClCompile Include="map.cpp">
      <Filter>Source Files</Filter>
    </ClCompile>
    <ClCompile Include="mining.cpp">
      <Filter>Source Files</Filter>
    </ClCompile>
    <ClCompile Include="mission.cpp">
      <Filter>Source Files</Filter>
    </ClCompile>
    <ClCompile Include="msgproc.cpp">
      <Filter>Source Files</Filter>
    </ClCompile>
    <ClCompile Include="nameGen.cpp">
      <Filter>Source Files</Filter>
    </ClCompile>
    <ClCompile Include="planet.cpp">
      <Filter>Source Files</Filter>
    </ClCompile>
    <ClCompile Include="random.cpp">
      <Filter>Source Files</Filter>
    </ClCompile>
    <ClCompile Include="relation.cpp">
      <Filter>Source Files</Filter>
    </ClCompile>
    <ClCompile Include="ship.cpp">
      <Filter>Source Files</Filter>
    </ClCompile>
    <ClCompile Include="ship2.cpp">
      <Filter>Source Files</Filter>
    </ClCompile>
    <ClCompile Include="sinv.cpp">
      <Filter>Source Files</Filter>
    </ClCompile>
    <ClCompile Include="station.cpp">
      <Filter>Source Files</Filter>
    </ClCompile>
    <ClCompile Include="tDamage.cpp">
      <Filter>Source Files</Filter>
    </ClCompile>
    <ClCompile Include="trade.cpp">
      <Filter>Source Files</Filter>
    </ClCompile>
    <ClCompile Include="weapon.cpp">
      <Filter>Source Files</Filter>
    </ClCompile>
    <ClCompile Include="globalvars.cpp">
      <Filter>Source Files</Filter>
    </ClCompile>
  </ItemGroup>
</Project>